<Solution>
  <Folder Name="/src/">
    <Project Path="src/NexoraBackend.API/NexoraBackend.API.csproj" />
    <Project Path="src/NexoraBackend.Application/NexoraBackend.Application.csproj" />
    <Project Path="src/NexoraBackend.Domain/NexoraBackend.Domain.csproj" />
    <Project Path="src/NexoraBackend.Infrastructure/NexoraBackend.Infrastructure.csproj" />
  </Folder>
</Solution>
